
Microsoft Visual Studio Solution File, Format Version 12.00
# Visual Studio Version 16
VisualStudioVersion = 16.0.30104.148
MinimumVisualStudioVersion = 10.0.40219.1
Project("{8BC9CEB8-8B4A-11D0-8D11-00A0C91BC942}") = "Chapter17", "Chapter17\Chapter17.vcxproj", "{B65731C5-A3D9-4F86-911C-A30589AD6FE7}"
EndProject
Project("{8BC9CEB8-8B4A-11D0-8D11-00A0C91BC942}") = "movie_rating_management_program", "movie_rating_management_program\movie_rating_management_program.vcxproj", "{F175A936-1F24-4336-813F-FE172D3A0DCD}"
EndProject
Project("{8BC9CEB8-8B4A-11D0-8D11-00A0C91BC942}") = "17.4 연결 리스트 사용하기", "17.4 연결 리스트 사용하기\17.4 연결 리스트 사용하기.vcxproj", "{F5147C44-3BC8-4C2E-AF31-625A8901BF05}"
EndProject
Project("{8BC9CEB8-8B4A-11D0-8D11-00A0C91BC942}") = "7.8 word_count", "word_count\word_count.vcxproj", "{8AACCE6A-AB32-4366-BA2B-CA3F7FD6F45B}"
EndProject
Project("{8BC9CEB8-8B4A-11D0-8D11-00A0C91BC942}") = "17.1 manage movie rating", "17.1 manage movie rating\17.1 manage movie rating.vcxproj", "{1FCD4C5A-0EDE-4719-BE5D-20A6D034DD1F}"
EndProject
Global
	GlobalSection(SolutionConfigurationPlatforms) = preSolution
		Debug|x64 = Debug|x64
		Debug|x86 = Debug|x86
		Release|x64 = Release|x64
		Release|x86 = Release|x86
	EndGlobalSection
	GlobalSection(ProjectConfigurationPlatforms) = postSolution
		{B65731C5-A3D9-4F86-911C-A30589AD6FE7}.Debug|x64.ActiveCfg = Debug|x64
		{B65731C5-A3D9-4F86-911C-A30589AD6FE7}.Debug|x64.Build.0 = Debug|x64
		{B65731C5-A3D9-4F86-911C-A30589AD6FE7}.Debug|x86.ActiveCfg = Debug|Win32
		{B65731C5-A3D9-4F86-911C-A30589AD6FE7}.Debug|x86.Build.0 = Debug|Win32
		{B65731C5-A3D9-4F86-911C-A30589AD6FE7}.Release|x64.ActiveCfg = Release|x64
		{B65731C5-A3D9-4F86-911C-A30589AD6FE7}.Release|x64.Build.0 = Release|x64
		{B65731C5-A3D9-4F86-911C-A30589AD6FE7}.Release|x86.ActiveCfg = Release|Win32
		{B65731C5-A3D9-4F86-911C-A30589AD6FE7}.Release|x86.Build.0 = Release|Win32
		{F175A936-1F24-4336-813F-FE172D3A0DCD}.Debug|x64.ActiveCfg = Debug|x64
		{F175A936-1F24-4336-813F-FE172D3A0DCD}.Debug|x64.Build.0 = Debug|x64
		{F175A936-1F24-4336-813F-FE172D3A0DCD}.Debug|x86.ActiveCfg = Debug|Win32
		{F175A936-1F24-4336-813F-FE172D3A0DCD}.Debug|x86.Build.0 = Debug|Win32
		{F175A936-1F24-4336-813F-FE172D3A0DCD}.Release|x64.ActiveCfg = Release|x64
		{F175A936-1F24-4336-813F-FE172D3A0DCD}.Release|x64.Build.0 = Release|x64
		{F175A936-1F24-4336-813F-FE172D3A0DCD}.Release|x86.ActiveCfg = Release|Win32
		{F175A936-1F24-4336-813F-FE172D3A0DCD}.Release|x86.Build.0 = Release|Win32
		{F5147C44-3BC8-4C2E-AF31-625A8901BF05}.Debug|x64.ActiveCfg = Debug|x64
		{F5147C44-3BC8-4C2E-AF31-625A8901BF05}.Debug|x64.Build.0 = Debug|x64
		{F5147C44-3BC8-4C2E-AF31-625A8901BF05}.Debug|x86.ActiveCfg = Debug|Win32
		{F5147C44-3BC8-4C2E-AF31-625A8901BF05}.Debug|x86.Build.0 = Debug|Win32
		{F5147C44-3BC8-4C2E-AF31-625A8901BF05}.Release|x64.ActiveCfg = Release|x64
		{F5147C44-3BC8-4C2E-AF31-625A8901BF05}.Release|x64.Build.0 = Release|x64
		{F5147C44-3BC8-4C2E-AF31-625A8901BF05}.Release|x86.ActiveCfg = Release|Win32
		{F5147C44-3BC8-4C2E-AF31-625A8901BF05}.Release|x86.Build.0 = Release|Win32
		{8AACCE6A-AB32-4366-BA2B-CA3F7FD6F45B}.Debug|x64.ActiveCfg = Debug|x64
		{8AACCE6A-AB32-4366-BA2B-CA3F7FD6F45B}.Debug|x64.Build.0 = Debug|x64
		{8AACCE6A-AB32-4366-BA2B-CA3F7FD6F45B}.Debug|x86.ActiveCfg = Debug|Win32
		{8AACCE6A-AB32-4366-BA2B-CA3F7FD6F45B}.Debug|x86.Build.0 = Debug|Win32
		{8AACCE6A-AB32-4366-BA2B-CA3F7FD6F45B}.Release|x64.ActiveCfg = Release|x64
		{8AACCE6A-AB32-4366-BA2B-CA3F7FD6F45B}.Release|x64.Build.0 = Release|x64
		{8AACCE6A-AB32-4366-BA2B-CA3F7FD6F45B}.Release|x86.ActiveCfg = Release|Win32
		{8AACCE6A-AB32-4366-BA2B-CA3F7FD6F45B}.Release|x86.Build.0 = Release|Win32
		{1FCD4C5A-0EDE-4719-BE5D-20A6D034DD1F}.Debug|x64.ActiveCfg = Debug|x64
		{1FCD4C5A-0EDE-4719-BE5D-20A6D034DD1F}.Debug|x64.Build.0 = Debug|x64
		{1FCD4C5A-0EDE-4719-BE5D-20A6D034DD1F}.Debug|x86.ActiveCfg = Debug|Win32
		{1FCD4C5A-0EDE-4719-BE5D-20A6D034DD1F}.Debug|x86.Build.0 = Debug|Win32
		{1FCD4C5A-0EDE-4719-BE5D-20A6D034DD1F}.Release|x64.ActiveCfg = Release|x64
		{1FCD4C5A-0EDE-4719-BE5D-20A6D034DD1F}.Release|x64.Build.0 = Release|x64
		{1FCD4C5A-0EDE-4719-BE5D-20A6D034DD1F}.Release|x86.ActiveCfg = Release|Win32
		{1FCD4C5A-0EDE-4719-BE5D-20A6D034DD1F}.Release|x86.Build.0 = Release|Win32
	EndGlobalSection
	GlobalSection(SolutionProperties) = preSolution
		HideSolutionNode = FALSE
	EndGlobalSection
	GlobalSection(ExtensibilityGlobals) = postSolution
		SolutionGuid = {17E06E7D-2B84-4CA2-9E57-9BAE7265D1B4}
	EndGlobalSection
EndGlobal
